# THIS IS AN AUTOGENERATED FILE. DO NOT EDIT THIS FILE DIRECTLY.
# yarn lockfile v1


astring@^1.8.6:
  version "1.8.6"
  resolved "https://registry.yarnpkg.com/astring/-/astring-1.8.6.tgz#2c9c157cf1739d67561c56ba896e6948f6b93731"
  integrity sha512-ISvCdHdlTDlH5IpxQJIex7BWBywFWgjJSVdwst+/iQCoEYnyOaQ95+X1JGshuBjGp6nxKUy1jMgE3zPqN7fQdg==

chalk@5.3.0:
  version "5.3.0"
  resolved "https://registry.yarnpkg.com/chalk/-/chalk-5.3.0.tgz#67c20a7ebef70e7f3970a01f90fa210cb6860385"
  integrity sha512-dLitG79d+GV1Nb/VYcCDFivJeK1hiukt9QjRNVOsUtTy1rR1YJsmpGGTZ3qJos+uw7WmWF4wUwBd9jxjocFC2w==

espree@2.0.4:
  version "2.0.4"
  resolved "https://registry.yarnpkg.com/espree/-/espree-2.0.4.tgz#679289cc5aa99923540437905288a642f21b90e9"
  integrity sha512-DBlFFjARkyOy1BeJ+SU0Bcz7QxrpYnJlAzF7TYIvRbL+DIdAaQKljkQOJWwto9KrPQneeZM8KgzTAgmJjF6UNw==
